
Microsoft Visual Studio Solution File, Format Version 12.00
Project("{FAE04EC0-301F-11D3-BF4B-00C04F79EFBC}") = "OMORI-BOT", "OMORI-BOT\OMORI-BOT.csproj", "{7B4CEF80-DC47-4E80-9295-2323F2681223}"
EndProject
Global
	GlobalSection(SolutionConfigurationPlatforms) = preSolution
		Debug|Any CPU = Debug|Any CPU
		Release|Any CPU = Release|Any CPU
	EndGlobalSection
	GlobalSection(ProjectConfigurationPlatforms) = postSolution
		{7B4CEF80-DC47-4E80-9295-2323F2681223}.Debug|Any CPU.ActiveCfg = Debug|Any CPU
		{7B4CEF80-DC47-4E80-9295-2323F2681223}.Debug|Any CPU.Build.0 = Debug|Any CPU
		{7B4CEF80-DC47-4E80-9295-2323F2681223}.Release|Any CPU.ActiveCfg = Release|Any CPU
		{7B4CEF80-DC47-4E80-9295-2323F2681223}.Release|Any CPU.Build.0 = Release|Any CPU
	EndGlobalSection
EndGlobal
